# THIS IS AN AUTOGENERATED FILE. DO NOT EDIT THIS FILE DIRECTLY.
# yarn lockfile v1


axios@^0.25.0:
  version "0.25.0"
  resolved "https://registry.yarnpkg.com/axios/-/axios-0.25.0.tgz#349cfbb31331a9b4453190791760a8d35b093e0a"
  integrity sha512-cD8FOb0tRH3uuEe6+evtAbgJtfxr7ly3fQjYcMcuPlgkwVS9xboaVIpcDV+cYQe+yGykgwZCs1pzjntcGa6l5g==
  dependencies:
    follow-redirects "^1.14.7"

follow-redirects@^1.14.7:
  version "1.14.7"
  resolved "https://registry.yarnpkg.com/follow-redirects/-/follow-redirects-1.14.7.tgz#2004c02eb9436eee9a21446a6477debf17e81685"
  integrity sha512-+hbxoLbFMbRKDwohX8GkTataGqO6Jb7jGwpAlwgy2bIz25XtRm7KEzJM76R1WiNT5SwZkX4Y75SwBolkpmE7iQ==

nanoid@^2.1.0:
  version "2.1.11"
  resolved "https://registry.yarnpkg.com/nanoid/-/nanoid-2.1.11.tgz#ec24b8a758d591561531b4176a01e3ab4f0f0280"
  integrity sha512-s/snB+WGm6uwi0WjsZdaVcuf3KJXlfGl2LcxgwkEwJF0D/BWzVWAZW/XY4bFaiR7s0Jk3FPvlnepg1H1b1UwlA==

react-native-device-info@^8.4.8:
  version "8.4.8"
  resolved "https://registry.yarnpkg.com/react-native-device-info/-/react-native-device-info-8.4.8.tgz#fc92ae423e47db6cfbf30c30012e09cee63727fa"
  integrity sha512-92676ZWHZHsPM/EW1ulgb2MuVfjYfMWRTWMbLcrCsipkcMaZ9Traz5mpsnCS7KZpsOksnvUinzDIjsct2XGc6Q==

react-native-get-location@^2.2.1:
  version "2.2.1"
  resolved "https://registry.yarnpkg.com/react-native-get-location/-/react-native-get-location-2.2.1.tgz#e1582531e3be29b13a5817e8f06ea864648cefc5"
  integrity sha512-ff1CSsKZgmIcvMt1SefLJM8cV212iYYphZOoG2k0UAp+8egXe1jIs5N2NBHriAgq3Ze9WSCLGqfjXOAVvQuF2A==

react-native-get-sms-android@^2.1.0:
  version "2.1.0"
  resolved "https://registry.yarnpkg.com/react-native-get-sms-android/-/react-native-get-sms-android-2.1.0.tgz#0b04bd017f6e7f8a3c1ac9e61960e73d76750be0"
  integrity sha512-yYPlJ4DkuC9HnUL0ni644pDjRFnSQkdGHowIY5ab56YFDKHIEZ1rKuBCEbCWF0HALyvH6qCyfdHqwpzTtIj97w==

react-native-permissions@^3.2.0:
  version "3.2.0"
  resolved "https://registry.yarnpkg.com/react-native-permissions/-/react-native-permissions-3.2.0.tgz#2199a49e96bac633016955d36142032d747d0d3e"
  integrity sha512-UPXxf2twjYL9vPI4HP2kT15AOTY489MhsNuyAgp+wJM2IRkkSVW6rO3k4WuSRL9ZmPhwkWb9bYjf8EEwRzZcXg==

shortid@^2.2.16:
  version "2.2.16"
  resolved "https://registry.yarnpkg.com/shortid/-/shortid-2.2.16.tgz#b742b8f0cb96406fd391c76bfc18a67a57fe5608"
  integrity sha512-Ugt+GIZqvGXCIItnsL+lvFJOiN7RYqlGy7QE41O3YC1xbNSeDGIRO7xg2JJXIAj1cAGnOeC1r7/T9pgrtQbv4g==
  dependencies:
    nanoid "^2.1.0"
